lockfileVersion: 5.4

importers:

  .:
    specifiers:
      typescript: ^4.9.5
    devDependencies:
      typescript: 4.9.5

  packages/wechat-bridge:
    specifiers:
      '@focalors/yunzai-client': workspace:*
      reflect-metadata: ^0.1.13
      tslib: ^2.5.0
      tsyringe: ^4.7.0
      typescript: ^4.9.5
    dependencies:
      reflect-metadata: 0.1.13
      tslib: 2.5.0
      tsyringe: 4.7.0
    devDependencies:
      '@focalors/yunzai-client': link:../yunzai-client
      typescript: 4.9.5

  packages/yunzai-client:
    specifiers:
      '@types/node': ^18.15.13
      '@types/ws': ^8.5.4
      reflect-metadata: ^0.1.13
      tslib: ^2.5.0
      tslog: ^4.8.2
      tsyringe: ^4.7.0
      typescript: ^4.9.5
      ws: ^8.13.0
    dependencies:
      reflect-metadata: 0.1.13
      tslib: 2.5.0
      tslog: 4.8.2
      tsyringe: 4.7.0
      ws: 8.13.0
    devDependencies:
      '@types/node': 18.15.13
      '@types/ws': 8.5.4
      typescript: 4.9.5

packages:

  /@types/node/18.15.13:
    resolution: {integrity: sha512-N+0kuo9KgrUQ1Sn/ifDXsvg0TTleP7rIy4zOBGECxAljqvqfqpTfzx0Q1NUedOixRMBfe2Whhb056a42cWs26Q==}
    dev: true

  /@types/ws/8.5.4:
    resolution: {integrity: sha512-zdQDHKUgcX/zBc4GrwsE/7dVdAD8JR4EuiAXiiUhhfyIJXXb2+PrGshFyeXWQPMmmZ2XxgaqclgpIC7eTXc1mg==}
    dependencies:
      '@types/node': 18.15.13
    dev: true

  /reflect-metadata/0.1.13:
    resolution: {integrity: sha512-Ts1Y/anZELhSsjMcU605fU9RE4Oi3p5ORujwbIKXfWa+0Zxs510Qrmrce5/Jowq3cHSZSJqBjypxmHarc+vEWg==}
    dev: false

  /tslib/1.14.1:
    resolution: {integrity: sha512-Xni35NKzjgMrwevysHTCArtLDpPvye8zV/0E4EyYn43P7/7qvQwPh9BGkHewbMulVntbigmcT7rdX3BNo9wRJg==}
    dev: false

  /tslib/2.5.0:
    resolution: {integrity: sha512-336iVw3rtn2BUK7ORdIAHTyxHGRIHVReokCR3XjbckJMK7ms8FysBfhLR8IXnAgy7T0PTPNBWKiH514FOW/WSg==}
    dev: false

  /tslog/4.8.2:
    resolution: {integrity: sha512-eAKIRjxfSKYLs06r1wT7oou6Uv9VN6NW9g0JPidBlqQwPBBl5+84dm7r8zSOPVq1kyfEw1P6B3/FLSpZCorAgA==}
    engines: {node: '>=16'}
    dev: false

  /tsyringe/4.7.0:
    resolution: {integrity: sha512-ncFDM1jTLsok4ejMvSW5jN1VGPQD48y2tfAR0pdptWRKYX4bkbqPt92k7KJ5RFJ1KV36JEs/+TMh7I6OUgj74g==}
    engines: {node: '>= 6.0.0'}
    dependencies:
      tslib: 1.14.1
    dev: false

  /typescript/4.9.5:
    resolution: {integrity: sha512-1FXk9E2Hm+QzZQ7z+McJiHL4NW1F2EzMu9Nq9i3zAaGqibafqYwCVU6WyWAuyQRRzOlxou8xZSyXLEN8oKj24g==}
    engines: {node: '>=4.2.0'}
    hasBin: true
    dev: true

  /ws/8.13.0:
    resolution: {integrity: sha512-x9vcZYTrFPC7aSIbj7sRCYo7L/Xb8Iy+pW0ng0wt2vCJv7M9HOMy0UoN3rr+IFC7hb7vXoqS+P9ktyLLLhO+LA==}
    engines: {node: '>=10.0.0'}
    peerDependencies:
      bufferutil: ^4.0.1
      utf-8-validate: '>=5.0.2'
    peerDependenciesMeta:
      bufferutil:
        optional: true
      utf-8-validate:
        optional: true
    dev: false
